
Microsoft Visual Studio Solution File, Format Version 12.00
# Visual Studio Version 17
VisualStudioVersion = 17.13.35828.75
MinimumVisualStudioVersion = 10.0.40219.1
Project("{FAE04EC0-301F-11D3-BF4B-00C04F79EFBC}") = "DebugRoslynTry.Consumer", "DebugRoslynTry.Consumer\DebugRoslynTry.Consumer.csproj", "{01F1263A-2299-47C2-AF6A-4150BE4B10DF}"
EndProject
Project("{FAE04EC0-301F-11D3-BF4B-00C04F79EFBC}") = "DebugRoslynTry.SourceGenerators", "DebugRoslynTry.SourceGenerators\DebugRoslynTry.SourceGenerators.csproj", "{F0390AC3-E0F3-A1C0-81CA-F1602DFD4C07}"
EndProject
Global
	GlobalSection(SolutionConfigurationPlatforms) = preSolution
		Debug|Any CPU = Debug|Any CPU
		Release|Any CPU = Release|Any CPU
	EndGlobalSection
	GlobalSection(ProjectConfigurationPlatforms) = postSolution
		{01F1263A-2299-47C2-AF6A-4150BE4B10DF}.Debug|Any CPU.ActiveCfg = Debug|Any CPU
		{01F1263A-2299-47C2-AF6A-4150BE4B10DF}.Debug|Any CPU.Build.0 = Debug|Any CPU
		{01F1263A-2299-47C2-AF6A-4150BE4B10DF}.Release|Any CPU.ActiveCfg = Release|Any CPU
		{01F1263A-2299-47C2-AF6A-4150BE4B10DF}.Release|Any CPU.Build.0 = Release|Any CPU
		{F0390AC3-E0F3-A1C0-81CA-F1602DFD4C07}.Debug|Any CPU.ActiveCfg = Debug|Any CPU
		{F0390AC3-E0F3-A1C0-81CA-F1602DFD4C07}.Debug|Any CPU.Build.0 = Debug|Any CPU
		{F0390AC3-E0F3-A1C0-81CA-F1602DFD4C07}.Release|Any CPU.ActiveCfg = Release|Any CPU
		{F0390AC3-E0F3-A1C0-81CA-F1602DFD4C07}.Release|Any CPU.Build.0 = Release|Any CPU
	EndGlobalSection
	GlobalSection(SolutionProperties) = preSolution
		HideSolutionNode = FALSE
	EndGlobalSection
	GlobalSection(ExtensibilityGlobals) = postSolution
		SolutionGuid = {1B03C0CB-EB79-4DA1-A34E-3E978B1A7120}
	EndGlobalSection
EndGlobal
